
Microsoft Visual Studio Solution File, Format Version 12.00
# Visual Studio Version 16
VisualStudioVersion = 16.0.29519.87
MinimumVisualStudioVersion = 10.0.40219.1
Project("{FAE04EC0-301F-11D3-BF4B-00C04F79EFBC}") = "GenerateMock.WebApi", "GenerateMock.WebApi\GenerateMock.WebApi.csproj", "{2062DFF1-AF96-42C2-A30C-C140DFD57E88}"
EndProject
Project("{FAE04EC0-301F-11D3-BF4B-00C04F79EFBC}") = "GenerateMock.Bll", "GenerateMock.Bll\GenerateMock.Bll.csproj", "{C653C027-7CB9-43EA-945B-0690D133DE5C}"
EndProject
Project("{FAE04EC0-301F-11D3-BF4B-00C04F79EFBC}") = "GenerateMock.Dal", "GenerateMock.Dal\GenerateMock.Dal.csproj", "{C376BE6F-7CF8-499C-9254-90B0CD279E8C}"
EndProject
Project("{FAE04EC0-301F-11D3-BF4B-00C04F79EFBC}") = "GenerateMock.Utilities", "GenerateMock.Utilities\GenerateMock.Utilities.csproj", "{25122E97-E040-44D4-8E3E-0F7AF4E2C198}"
EndProject
Global
	GlobalSection(SolutionConfigurationPlatforms) = preSolution
		Debug|Any CPU = Debug|Any CPU
		Release|Any CPU = Release|Any CPU
	EndGlobalSection
	GlobalSection(ProjectConfigurationPlatforms) = postSolution
		{2062DFF1-AF96-42C2-A30C-C140DFD57E88}.Debug|Any CPU.ActiveCfg = Debug|Any CPU
		{2062DFF1-AF96-42C2-A30C-C140DFD57E88}.Debug|Any CPU.Build.0 = Debug|Any CPU
		{2062DFF1-AF96-42C2-A30C-C140DFD57E88}.Release|Any CPU.ActiveCfg = Release|Any CPU
		{2062DFF1-AF96-42C2-A30C-C140DFD57E88}.Release|Any CPU.Build.0 = Release|Any CPU
		{C653C027-7CB9-43EA-945B-0690D133DE5C}.Debug|Any CPU.ActiveCfg = Debug|Any CPU
		{C653C027-7CB9-43EA-945B-0690D133DE5C}.Debug|Any CPU.Build.0 = Debug|Any CPU
		{C653C027-7CB9-43EA-945B-0690D133DE5C}.Release|Any CPU.ActiveCfg = Release|Any CPU
		{C653C027-7CB9-43EA-945B-0690D133DE5C}.Release|Any CPU.Build.0 = Release|Any CPU
		{C376BE6F-7CF8-499C-9254-90B0CD279E8C}.Debug|Any CPU.ActiveCfg = Debug|Any CPU
		{C376BE6F-7CF8-499C-9254-90B0CD279E8C}.Debug|Any CPU.Build.0 = Debug|Any CPU
		{C376BE6F-7CF8-499C-9254-90B0CD279E8C}.Release|Any CPU.ActiveCfg = Release|Any CPU
		{C376BE6F-7CF8-499C-9254-90B0CD279E8C}.Release|Any CPU.Build.0 = Release|Any CPU
		{25122E97-E040-44D4-8E3E-0F7AF4E2C198}.Debug|Any CPU.ActiveCfg = Debug|Any CPU
		{25122E97-E040-44D4-8E3E-0F7AF4E2C198}.Debug|Any CPU.Build.0 = Debug|Any CPU
		{25122E97-E040-44D4-8E3E-0F7AF4E2C198}.Release|Any CPU.ActiveCfg = Release|Any CPU
		{25122E97-E040-44D4-8E3E-0F7AF4E2C198}.Release|Any CPU.Build.0 = Release|Any CPU
	EndGlobalSection
	GlobalSection(SolutionProperties) = preSolution
		HideSolutionNode = FALSE
	EndGlobalSection
	GlobalSection(ExtensibilityGlobals) = postSolution
		SolutionGuid = {4709C7CA-A26B-4ECE-A2F4-0B85786697DD}
	EndGlobalSection
EndGlobal
